
Microsoft Visual Studio Solution File, Format Version 12.00
# Visual Studio Version 16
VisualStudioVersion = 16.0.31829.152
MinimumVisualStudioVersion = 10.0.40219.1
Project("{9A19103F-16F7-4668-BE54-9A1E7A4F7556}") = "Messenger.Domain", "Messenger.Domain\Messenger.Domain.csproj", "{21C641A9-A039-4DF7-862A-D1534254DF6C}"
EndProject
Project("{9A19103F-16F7-4668-BE54-9A1E7A4F7556}") = "Messenger.Infrastructure", "Messenger.Infrastructure\Messenger.Infrastructure.csproj", "{5F025E9E-473B-4704-886B-E4FD017CE465}"
EndProject
Project("{9A19103F-16F7-4668-BE54-9A1E7A4F7556}") = "Messengers.Tests", "Messengers.Tests\Messengers.Tests.csproj", "{C53E2C79-46A3-4F29-80AA-58C2C305E025}"
EndProject
Project("{FAE04EC0-301F-11D3-BF4B-00C04F79EFBC}") = "Messenger.API", "Messenger.API\Messenger.API.csproj", "{A7ED8943-0F97-4797-8FC1-F6F1D6EE834E}"
EndProject
Project("{FAE04EC0-301F-11D3-BF4B-00C04F79EFBC}") = "Messenger.WASM", "Messenger.WASM\Messenger.WASM.csproj", "{69049006-5F4B-4AAD-A36D-9BAA49B1B87B}"
EndProject
Global
	GlobalSection(SolutionConfigurationPlatforms) = preSolution
		Debug|Any CPU = Debug|Any CPU
		Release|Any CPU = Release|Any CPU
	EndGlobalSection
	GlobalSection(ProjectConfigurationPlatforms) = postSolution
		{21C641A9-A039-4DF7-862A-D1534254DF6C}.Debug|Any CPU.ActiveCfg = Debug|Any CPU
		{21C641A9-A039-4DF7-862A-D1534254DF6C}.Debug|Any CPU.Build.0 = Debug|Any CPU
		{21C641A9-A039-4DF7-862A-D1534254DF6C}.Release|Any CPU.ActiveCfg = Release|Any CPU
		{21C641A9-A039-4DF7-862A-D1534254DF6C}.Release|Any CPU.Build.0 = Release|Any CPU
		{5F025E9E-473B-4704-886B-E4FD017CE465}.Debug|Any CPU.ActiveCfg = Debug|Any CPU
		{5F025E9E-473B-4704-886B-E4FD017CE465}.Debug|Any CPU.Build.0 = Debug|Any CPU
		{5F025E9E-473B-4704-886B-E4FD017CE465}.Release|Any CPU.ActiveCfg = Release|Any CPU
		{5F025E9E-473B-4704-886B-E4FD017CE465}.Release|Any CPU.Build.0 = Release|Any CPU
		{C53E2C79-46A3-4F29-80AA-58C2C305E025}.Debug|Any CPU.ActiveCfg = Debug|Any CPU
		{C53E2C79-46A3-4F29-80AA-58C2C305E025}.Debug|Any CPU.Build.0 = Debug|Any CPU
		{C53E2C79-46A3-4F29-80AA-58C2C305E025}.Release|Any CPU.ActiveCfg = Release|Any CPU
		{C53E2C79-46A3-4F29-80AA-58C2C305E025}.Release|Any CPU.Build.0 = Release|Any CPU
		{A7ED8943-0F97-4797-8FC1-F6F1D6EE834E}.Debug|Any CPU.ActiveCfg = Debug|Any CPU
		{A7ED8943-0F97-4797-8FC1-F6F1D6EE834E}.Debug|Any CPU.Build.0 = Debug|Any CPU
		{A7ED8943-0F97-4797-8FC1-F6F1D6EE834E}.Release|Any CPU.ActiveCfg = Release|Any CPU
		{A7ED8943-0F97-4797-8FC1-F6F1D6EE834E}.Release|Any CPU.Build.0 = Release|Any CPU
		{69049006-5F4B-4AAD-A36D-9BAA49B1B87B}.Debug|Any CPU.ActiveCfg = Debug|Any CPU
		{69049006-5F4B-4AAD-A36D-9BAA49B1B87B}.Debug|Any CPU.Build.0 = Debug|Any CPU
		{69049006-5F4B-4AAD-A36D-9BAA49B1B87B}.Release|Any CPU.ActiveCfg = Release|Any CPU
		{69049006-5F4B-4AAD-A36D-9BAA49B1B87B}.Release|Any CPU.Build.0 = Release|Any CPU
	EndGlobalSection
	GlobalSection(SolutionProperties) = preSolution
		HideSolutionNode = FALSE
	EndGlobalSection
	GlobalSection(ExtensibilityGlobals) = postSolution
		SolutionGuid = {D70CBF62-D205-44C1-AEF6-4E652AF239C2}
	EndGlobalSection
EndGlobal
